
Microsoft Visual Studio Solution File, Format Version 12.00
# Visual Studio Version 17
VisualStudioVersion = 17.6.33829.357
MinimumVisualStudioVersion = 10.0.40219.1
Project("{FAE04EC0-301F-11D3-BF4B-00C04F79EFBC}") = "C#Lab02Q3", "C#Lab02Q3\C#Lab02Q3.csproj", "{90E2E8D2-B614-4306-A92F-3ECBD67DB7A0}"
EndProject
Global
	GlobalSection(SolutionConfigurationPlatforms) = preSolution
		Debug|Any CPU = Debug|Any CPU
		Release|Any CPU = Release|Any CPU
	EndGlobalSection
	GlobalSection(ProjectConfigurationPlatforms) = postSolution
		{90E2E8D2-B614-4306-A92F-3ECBD67DB7A0}.Debug|Any CPU.ActiveCfg = Debug|Any CPU
		{90E2E8D2-B614-4306-A92F-3ECBD67DB7A0}.Debug|Any CPU.Build.0 = Debug|Any CPU
		{90E2E8D2-B614-4306-A92F-3ECBD67DB7A0}.Release|Any CPU.ActiveCfg = Release|Any CPU
		{90E2E8D2-B614-4306-A92F-3ECBD67DB7A0}.Release|Any CPU.Build.0 = Release|Any CPU
	EndGlobalSection
	GlobalSection(SolutionProperties) = preSolution
		HideSolutionNode = FALSE
	EndGlobalSection
	GlobalSection(ExtensibilityGlobals) = postSolution
		SolutionGuid = {5AC56A8B-7EF6-431F-88DA-FB227FF21482}
	EndGlobalSection
EndGlobal
