
Microsoft Visual Studio Solution File, Format Version 12.00
# Visual Studio Version 17
VisualStudioVersion = 17.6.33829.357
MinimumVisualStudioVersion = 10.0.40219.1
Project("{FAE04EC0-301F-11D3-BF4B-00C04F79EFBC}") = "C#Lab04Q2", "C#Lab04Q2\C#Lab04Q2.csproj", "{CFEA05D7-3DEA-4036-988F-BDF484C31C96}"
EndProject
Global
	GlobalSection(SolutionConfigurationPlatforms) = preSolution
		Debug|Any CPU = Debug|Any CPU
		Release|Any CPU = Release|Any CPU
	EndGlobalSection
	GlobalSection(ProjectConfigurationPlatforms) = postSolution
		{CFEA05D7-3DEA-4036-988F-BDF484C31C96}.Debug|Any CPU.ActiveCfg = Debug|Any CPU
		{CFEA05D7-3DEA-4036-988F-BDF484C31C96}.Debug|Any CPU.Build.0 = Debug|Any CPU
		{CFEA05D7-3DEA-4036-988F-BDF484C31C96}.Release|Any CPU.ActiveCfg = Release|Any CPU
		{CFEA05D7-3DEA-4036-988F-BDF484C31C96}.Release|Any CPU.Build.0 = Release|Any CPU
	EndGlobalSection
	GlobalSection(SolutionProperties) = preSolution
		HideSolutionNode = FALSE
	EndGlobalSection
	GlobalSection(ExtensibilityGlobals) = postSolution
		SolutionGuid = {75BBFDCC-ADC0-423B-9BCA-5B49A70AABE9}
	EndGlobalSection
EndGlobal
