
Microsoft Visual Studio Solution File, Format Version 12.00
# Visual Studio Version 17
VisualStudioVersion = 17.6.33829.357
MinimumVisualStudioVersion = 10.0.40219.1
Project("{FAE04EC0-301F-11D3-BF4B-00C04F79EFBC}") = "C#Lab03Q1", "C#Lab03Q1\C#Lab03Q1.csproj", "{6413C41B-FEAC-4107-ABD3-A5A5C5E5EA27}"
EndProject
Global
	GlobalSection(SolutionConfigurationPlatforms) = preSolution
		Debug|Any CPU = Debug|Any CPU
		Release|Any CPU = Release|Any CPU
	EndGlobalSection
	GlobalSection(ProjectConfigurationPlatforms) = postSolution
		{6413C41B-FEAC-4107-ABD3-A5A5C5E5EA27}.Debug|Any CPU.ActiveCfg = Debug|Any CPU
		{6413C41B-FEAC-4107-ABD3-A5A5C5E5EA27}.Debug|Any CPU.Build.0 = Debug|Any CPU
		{6413C41B-FEAC-4107-ABD3-A5A5C5E5EA27}.Release|Any CPU.ActiveCfg = Release|Any CPU
		{6413C41B-FEAC-4107-ABD3-A5A5C5E5EA27}.Release|Any CPU.Build.0 = Release|Any CPU
	EndGlobalSection
	GlobalSection(SolutionProperties) = preSolution
		HideSolutionNode = FALSE
	EndGlobalSection
	GlobalSection(ExtensibilityGlobals) = postSolution
		SolutionGuid = {C1D5E652-7401-43AF-9292-0185CB74328D}
	EndGlobalSection
EndGlobal
