
Microsoft Visual Studio Solution File, Format Version 12.00
# Visual Studio Version 17
VisualStudioVersion = 17.6.33829.357
MinimumVisualStudioVersion = 10.0.40219.1
Project("{FAE04EC0-301F-11D3-BF4B-00C04F79EFBC}") = "C#Lab01Q1", "C#Lab01Q1\C#Lab01Q1.csproj", "{32515AF9-542A-4094-A4D2-3BB46A2EDE5C}"
EndProject
Global
	GlobalSection(SolutionConfigurationPlatforms) = preSolution
		Debug|Any CPU = Debug|Any CPU
		Release|Any CPU = Release|Any CPU
	EndGlobalSection
	GlobalSection(ProjectConfigurationPlatforms) = postSolution
		{32515AF9-542A-4094-A4D2-3BB46A2EDE5C}.Debug|Any CPU.ActiveCfg = Debug|Any CPU
		{32515AF9-542A-4094-A4D2-3BB46A2EDE5C}.Debug|Any CPU.Build.0 = Debug|Any CPU
		{32515AF9-542A-4094-A4D2-3BB46A2EDE5C}.Release|Any CPU.ActiveCfg = Release|Any CPU
		{32515AF9-542A-4094-A4D2-3BB46A2EDE5C}.Release|Any CPU.Build.0 = Release|Any CPU
	EndGlobalSection
	GlobalSection(SolutionProperties) = preSolution
		HideSolutionNode = FALSE
	EndGlobalSection
	GlobalSection(ExtensibilityGlobals) = postSolution
		SolutionGuid = {14C18F58-1800-4A22-9EC2-828CEEEA5EB2}
	EndGlobalSection
EndGlobal
