
Microsoft Visual Studio Solution File, Format Version 12.00
# Visual Studio Version 17
VisualStudioVersion = 17.6.33829.357
MinimumVisualStudioVersion = 10.0.40219.1
Project("{FAE04EC0-301F-11D3-BF4B-00C04F79EFBC}") = "C#Lab05Q1", "C#Lab05Q1\C#Lab05Q1.csproj", "{5CF97D3E-3894-4E05-BFF5-DA285DD79138}"
EndProject
Global
	GlobalSection(SolutionConfigurationPlatforms) = preSolution
		Debug|Any CPU = Debug|Any CPU
		Release|Any CPU = Release|Any CPU
	EndGlobalSection
	GlobalSection(ProjectConfigurationPlatforms) = postSolution
		{5CF97D3E-3894-4E05-BFF5-DA285DD79138}.Debug|Any CPU.ActiveCfg = Debug|Any CPU
		{5CF97D3E-3894-4E05-BFF5-DA285DD79138}.Debug|Any CPU.Build.0 = Debug|Any CPU
		{5CF97D3E-3894-4E05-BFF5-DA285DD79138}.Release|Any CPU.ActiveCfg = Release|Any CPU
		{5CF97D3E-3894-4E05-BFF5-DA285DD79138}.Release|Any CPU.Build.0 = Release|Any CPU
	EndGlobalSection
	GlobalSection(SolutionProperties) = preSolution
		HideSolutionNode = FALSE
	EndGlobalSection
	GlobalSection(ExtensibilityGlobals) = postSolution
		SolutionGuid = {C5E78456-C457-4820-A23B-1E65356EDB87}
	EndGlobalSection
EndGlobal
