
Microsoft Visual Studio Solution File, Format Version 12.00
# Visual Studio Version 17
VisualStudioVersion = 17.6.33829.357
MinimumVisualStudioVersion = 10.0.40219.1
Project("{FAE04EC0-301F-11D3-BF4B-00C04F79EFBC}") = "C#Lab03Q2", "C#Lab03Q2\C#Lab03Q2.csproj", "{228876F2-9209-4B33-B43B-BECD62401E70}"
EndProject
Global
	GlobalSection(SolutionConfigurationPlatforms) = preSolution
		Debug|Any CPU = Debug|Any CPU
		Release|Any CPU = Release|Any CPU
	EndGlobalSection
	GlobalSection(ProjectConfigurationPlatforms) = postSolution
		{228876F2-9209-4B33-B43B-BECD62401E70}.Debug|Any CPU.ActiveCfg = Debug|Any CPU
		{228876F2-9209-4B33-B43B-BECD62401E70}.Debug|Any CPU.Build.0 = Debug|Any CPU
		{228876F2-9209-4B33-B43B-BECD62401E70}.Release|Any CPU.ActiveCfg = Release|Any CPU
		{228876F2-9209-4B33-B43B-BECD62401E70}.Release|Any CPU.Build.0 = Release|Any CPU
	EndGlobalSection
	GlobalSection(SolutionProperties) = preSolution
		HideSolutionNode = FALSE
	EndGlobalSection
	GlobalSection(ExtensibilityGlobals) = postSolution
		SolutionGuid = {6C399CD6-D8B1-4ED8-82C8-917D8F8F66C4}
	EndGlobalSection
EndGlobal
