
Microsoft Visual Studio Solution File, Format Version 12.00
# Visual Studio Version 17
VisualStudioVersion = 17.6.33829.357
MinimumVisualStudioVersion = 10.0.40219.1
Project("{FAE04EC0-301F-11D3-BF4B-00C04F79EFBC}") = "C#Lab01Q2", "C#Lab01Q2\C#Lab01Q2.csproj", "{255F6D4B-2DC6-41E9-A897-85DCB69398C7}"
EndProject
Global
	GlobalSection(SolutionConfigurationPlatforms) = preSolution
		Debug|Any CPU = Debug|Any CPU
		Release|Any CPU = Release|Any CPU
	EndGlobalSection
	GlobalSection(ProjectConfigurationPlatforms) = postSolution
		{255F6D4B-2DC6-41E9-A897-85DCB69398C7}.Debug|Any CPU.ActiveCfg = Debug|Any CPU
		{255F6D4B-2DC6-41E9-A897-85DCB69398C7}.Debug|Any CPU.Build.0 = Debug|Any CPU
		{255F6D4B-2DC6-41E9-A897-85DCB69398C7}.Release|Any CPU.ActiveCfg = Release|Any CPU
		{255F6D4B-2DC6-41E9-A897-85DCB69398C7}.Release|Any CPU.Build.0 = Release|Any CPU
	EndGlobalSection
	GlobalSection(SolutionProperties) = preSolution
		HideSolutionNode = FALSE
	EndGlobalSection
	GlobalSection(ExtensibilityGlobals) = postSolution
		SolutionGuid = {3ED91F13-9093-4B38-A575-F0BF68A15BE6}
	EndGlobalSection
EndGlobal
